
Microsoft Visual Studio Solution File, Format Version 12.00
# Visual Studio Version 17
VisualStudioVersion = 17.9.34701.34
MinimumVisualStudioVersion = 10.0.40219.1
Project("{9A19103F-16F7-4668-BE54-9A1E7A4F7556}") = "PluggySyncToYnab", "PluggySyncToYnab\PluggySyncToYnab.csproj", "{B38815CA-613C-48F9-8036-94DF10CBC48E}"
EndProject
Global
	GlobalSection(SolutionConfigurationPlatforms) = preSolution
		Debug|Any CPU = Debug|Any CPU
		Release|Any CPU = Release|Any CPU
	EndGlobalSection
	GlobalSection(ProjectConfigurationPlatforms) = postSolution
		{B38815CA-613C-48F9-8036-94DF10CBC48E}.Debug|Any CPU.ActiveCfg = Debug|Any CPU
		{B38815CA-613C-48F9-8036-94DF10CBC48E}.Debug|Any CPU.Build.0 = Debug|Any CPU
		{B38815CA-613C-48F9-8036-94DF10CBC48E}.Release|Any CPU.ActiveCfg = Release|Any CPU
		{B38815CA-613C-48F9-8036-94DF10CBC48E}.Release|Any CPU.Build.0 = Release|Any CPU
	EndGlobalSection
	GlobalSection(SolutionProperties) = preSolution
		HideSolutionNode = FALSE
	EndGlobalSection
	GlobalSection(ExtensibilityGlobals) = postSolution
		SolutionGuid = {2428D359-0596-423C-8A81-B5769578BE5B}
	EndGlobalSection
EndGlobal
